
Microsoft Visual Studio Solution File, Format Version 12.00
# Visual Studio Version 17
VisualStudioVersion = 17.8.34525.116
MinimumVisualStudioVersion = 10.0.40219.1
Project("{FAE04EC0-301F-11D3-BF4B-00C04F79EFBC}") = "ST10251759_PROG6221_POE_P3", "ST10251759_PROG6221_POE_P3.csproj", "{818C89AF-E2B9-4738-8254-5E25E7156DB7}"
EndProject
Global
	GlobalSection(SolutionConfigurationPlatforms) = preSolution
		Debug|Any CPU = Debug|Any CPU
		Release|Any CPU = Release|Any CPU
	EndGlobalSection
	GlobalSection(ProjectConfigurationPlatforms) = postSolution
		{818C89AF-E2B9-4738-8254-5E25E7156DB7}.Debug|Any CPU.ActiveCfg = Debug|Any CPU
		{818C89AF-E2B9-4738-8254-5E25E7156DB7}.Debug|Any CPU.Build.0 = Debug|Any CPU
		{818C89AF-E2B9-4738-8254-5E25E7156DB7}.Release|Any CPU.ActiveCfg = Release|Any CPU
		{818C89AF-E2B9-4738-8254-5E25E7156DB7}.Release|Any CPU.Build.0 = Release|Any CPU
	EndGlobalSection
	GlobalSection(SolutionProperties) = preSolution
		HideSolutionNode = FALSE
	EndGlobalSection
	GlobalSection(ExtensibilityGlobals) = postSolution
		SolutionGuid = {0D258D30-6893-40E0-8B5D-C394572B7763}
	EndGlobalSection
EndGlobal
